
Microsoft Visual Studio Solution File, Format Version 12.00
# Visual Studio Version 16
VisualStudioVersion = 16.0.29102.190
MinimumVisualStudioVersion = 10.0.40219.1
Project("{FAE04EC0-301F-11D3-BF4B-00C04F79EFBC}") = "Exel", "Exel\Exel.csproj", "{39D0C458-7164-4454-A177-2C029D50EF03}"
EndProject
Global
	GlobalSection(SolutionConfigurationPlatforms) = preSolution
		Debug|Any CPU = Debug|Any CPU
		Release|Any CPU = Release|Any CPU
	EndGlobalSection
	GlobalSection(ProjectConfigurationPlatforms) = postSolution
		{39D0C458-7164-4454-A177-2C029D50EF03}.Debug|Any CPU.ActiveCfg = Debug|Any CPU
		{39D0C458-7164-4454-A177-2C029D50EF03}.Debug|Any CPU.Build.0 = Debug|Any CPU
		{39D0C458-7164-4454-A177-2C029D50EF03}.Release|Any CPU.ActiveCfg = Release|Any CPU
		{39D0C458-7164-4454-A177-2C029D50EF03}.Release|Any CPU.Build.0 = Release|Any CPU
	EndGlobalSection
	GlobalSection(SolutionProperties) = preSolution
		HideSolutionNode = FALSE
	EndGlobalSection
	GlobalSection(ExtensibilityGlobals) = postSolution
		SolutionGuid = {DB0D1BAA-222C-4C18-9675-3E546B3C225C}
	EndGlobalSection
EndGlobal
